// !$*UTF8*$!
{
	archiveVersion = 1;
	classes = {
	};
	objectVersion = 46;
	objects = {

/* Begin PBXBuildFile section */
		5741CC321DC72C4700BD66D9 /* main.m in Sources */ = {isa = PBXBuildFile; fileRef = 5741CC311DC72C4700BD66D9 /* main.m */; };
		5741CC351DC72C4700BD66D9 /* AppDelegate.m in Sources */ = {isa = PBXBuildFile; fileRef = 5741CC341DC72C4700BD66D9 /* AppDelegate.m */; };
		5741CC381DC72C4700BD66D9 /* ViewController.m in Sources */ = {isa = PBXBuildFile; fileRef = 5741CC371DC72C4700BD66D9 /* ViewController.m */; };
		5741CC3B1DC72C4700BD66D9 /* Main.storyboard in Resources */ = {isa = PBXBuildFile; fileRef = 5741CC391DC72C4700BD66D9 /* Main.storyboard */; };
		5741CC3D1DC72C4700BD66D9 /* Assets.xcassets in Resources */ = {isa = PBXBuildFile; fileRef = 5741CC3C1DC72C4700BD66D9 /* Assets.xcassets */; };
		5741CC401DC72C4700BD66D9 /* LaunchScreen.storyboard in Resources */ = {isa = PBXBuildFile; fileRef = 5741CC3E1DC72C4700BD66D9 /* LaunchScreen.storyboard */; };
		5741CC4B1DC72C4700BD66D9 /* PPX_TabbarTests.m in Sources */ = {isa = PBXBuildFile; fileRef = 5741CC4A1DC72C4700BD66D9 /* PPX_TabbarTests.m */; };
		5741CC561DC72C4700BD66D9 /* PPX_TabbarUITests.m in Sources */ = {isa = PBXBuildFile; fileRef = 5741CC551DC72C4700BD66D9 /* PPX_TabbarUITests.m */; };
		5741CCA91DC7311300BD66D9 /* Tabbar_icon_fabu@2x.png in Resources */ = {isa = PBXBuildFile; fileRef = 5741CC971DC7311300BD66D9 /* Tabbar_icon_fabu@2x.png */; };
		5741CCAA1DC7311300BD66D9 /* Tabbar_icon_fabu@3x.png in Resources */ = {isa = PBXBuildFile; fileRef = 5741CC981DC7311300BD66D9 /* Tabbar_icon_fabu@3x.png */; };
		5741CCAB1DC7311300BD66D9 /* Tabbar_icon_find_N@2x.png in Resources */ = {isa = PBXBuildFile; fileRef = 5741CC991DC7311300BD66D9 /* Tabbar_icon_find_N@2x.png */; };
		5741CCAC1DC7311300BD66D9 /* Tabbar_icon_find_N@3x.png in Resources */ = {isa = PBXBuildFile; fileRef = 5741CC9A1DC7311300BD66D9 /* Tabbar_icon_find_N@3x.png */; };
		5741CCAD1DC7311300BD66D9 /* Tabbar_icon_find_S@2x.png in Resources */ = {isa = PBXBuildFile; fileRef = 5741CC9B1DC7311300BD66D9 /* Tabbar_icon_find_S@2x.png */; };
		5741CCAE1DC7311300BD66D9 /* Tabbar_icon_find_S@3x.png in Resources */ = {isa = PBXBuildFile; fileRef = 5741CC9C1DC7311300BD66D9 /* Tabbar_icon_find_S@3x.png */; };
		5741CCAF1DC7311300BD66D9 /* Tabbar_icon_me_N@2x.png in Resources */ = {isa = PBXBuildFile; fileRef = 5741CC9D1DC7311300BD66D9 /* Tabbar_icon_me_N@2x.png */; };
		5741CCB01DC7311300BD66D9 /* Tabbar_icon_me_N@3x.png in Resources */ = {isa = PBXBuildFile; fileRef = 5741CC9E1DC7311300BD66D9 /* Tabbar_icon_me_N@3x.png */; };
		5741CCB11DC7311300BD66D9 /* Tabbar_icon_me_S@2x.png in Resources */ = {isa = PBXBuildFile; fileRef = 5741CC9F1DC7311300BD66D9 /* Tabbar_icon_me_S@2x.png */; };
		5741CCB21DC7311300BD66D9 /* Tabbar_icon_me_S@3x.png in Resources */ = {isa = PBXBuildFile; fileRef = 5741CCA01DC7311300BD66D9 /* Tabbar_icon_me_S@3x.png */; };
		5741CCB31DC7311300BD66D9 /* Tabbar_icon_Recommend_N@2x.png in Resources */ = {isa = PBXBuildFile; fileRef = 5741CCA11DC7311300BD66D9 /* Tabbar_icon_Recommend_N@2x.png */; };
		5741CCB41DC7311300BD66D9 /* Tabbar_icon_Recommend_N@3x.png in Resources */ = {isa = PBXBuildFile; fileRef = 5741CCA21DC7311300BD66D9 /* Tabbar_icon_Recommend_N@3x.png */; };
		5741CCB51DC7311300BD66D9 /* Tabbar_icon_Recommend_S@2x.png in Resources */ = {isa = PBXBuildFile; fileRef = 5741CCA31DC7311300BD66D9 /* Tabbar_icon_Recommend_S@2x.png */; };
		5741CCB61DC7311300BD66D9 /* Tabbar_icon_Recommend_S@3x.png in Resources */ = {isa = PBXBuildFile; fileRef = 5741CCA41DC7311300BD66D9 /* Tabbar_icon_Recommend_S@3x.png */; };
		5741CCB71DC7311300BD66D9 /* Tabbar_message_find_N@2x.png in Resources */ = {isa = PBXBuildFile; fileRef = 5741CCA51DC7311300BD66D9 /* Tabbar_message_find_N@2x.png */; };
		5741CCB81DC7311300BD66D9 /* Tabbar_message_find_N@3x.png in Resources */ = {isa = PBXBuildFile; fileRef = 5741CCA61DC7311300BD66D9 /* Tabbar_message_find_N@3x.png */; };
		5741CCB91DC7311300BD66D9 /* Tabbar_message_find_S@2x.png in Resources */ = {isa = PBXBuildFile; fileRef = 5741CCA71DC7311300BD66D9 /* Tabbar_message_find_S@2x.png */; };
		5741CCBA1DC7311300BD66D9 /* Tabbar_message_find_S@3x.png in Resources */ = {isa = PBXBuildFile; fileRef = 5741CCA81DC7311300BD66D9 /* Tabbar_message_find_S@3x.png */; };
		5774A4891DC9813D00E5482B /* icon_back@2x.png in Resources */ = {isa = PBXBuildFile; fileRef = 5774A4831DC9813D00E5482B /* icon_back@2x.png */; };
		5774A48A1DC9813D00E5482B /* icon_back@3x.png in Resources */ = {isa = PBXBuildFile; fileRef = 5774A4841DC9813D00E5482B /* icon_back@3x.png */; };
		5774A48B1DC9813D00E5482B /* icon_dismiss@2x.png in Resources */ = {isa = PBXBuildFile; fileRef = 5774A4851DC9813D00E5482B /* icon_dismiss@2x.png */; };
		5774A48C1DC9813D00E5482B /* icon_dismiss@3x.png in Resources */ = {isa = PBXBuildFile; fileRef = 5774A4861DC9813D00E5482B /* icon_dismiss@3x.png */; };
		5774A48D1DC9813D00E5482B /* icon_w_back@2x.png in Resources */ = {isa = PBXBuildFile; fileRef = 5774A4871DC9813D00E5482B /* icon_w_back@2x.png */; };
		5774A48E1DC9813D00E5482B /* icon_w_back@3x.png in Resources */ = {isa = PBXBuildFile; fileRef = 5774A4881DC9813D00E5482B /* icon_w_back@3x.png */; };
		5774A4A21DC993EA00E5482B /* LoginServiceTool.m in Sources */ = {isa = PBXBuildFile; fileRef = 5774A4A11DC993EA00E5482B /* LoginServiceTool.m */; };
		5774A4CC1DC9BF9E00E5482B /* DetailsViewController.m in Sources */ = {isa = PBXBuildFile; fileRef = 5774A4AB1DC9BF9E00E5482B /* DetailsViewController.m */; };
		5774A4CD1DC9BF9E00E5482B /* HomeViewController.m in Sources */ = {isa = PBXBuildFile; fileRef = 5774A4B11DC9BF9E00E5482B /* HomeViewController.m */; };
		5774A4CE1DC9BF9E00E5482B /* LoginViewController.m in Sources */ = {isa = PBXBuildFile; fileRef = 5774A4B71DC9BF9E00E5482B /* LoginViewController.m */; };
		5774A4CF1DC9BF9E00E5482B /* MessageViewController.m in Sources */ = {isa = PBXBuildFile; fileRef = 5774A4BD1DC9BF9E00E5482B /* MessageViewController.m */; };
		5774A4D01DC9BF9E00E5482B /* MyInfoViewController.m in Sources */ = {isa = PBXBuildFile; fileRef = 5774A4C31DC9BF9E00E5482B /* MyInfoViewController.m */; };
		5774A4D11DC9BF9E00E5482B /* SportTimeViewController.m in Sources */ = {isa = PBXBuildFile; fileRef = 5774A4C91DC9BF9E00E5482B /* SportTimeViewController.m */; };
		5774A4DF1DC9BFD900E5482B /* MainTabbarController.m in Sources */ = {isa = PBXBuildFile; fileRef = 5774A4D91DC9BFD900E5482B /* MainTabbarController.m */; };
		5774A4E01DC9BFD900E5482B /* PPXTabBar.m in Sources */ = {isa = PBXBuildFile; fileRef = 5774A4DC1DC9BFD900E5482B /* PPXTabBar.m */; };
		5774A4FC1DC9C05800E5482B /* BaseNav.m in Sources */ = {isa = PBXBuildFile; fileRef = 5774A4F41DC9C05800E5482B /* BaseNav.m */; };
		5774A4FD1DC9C05800E5482B /* BaseViewController.m in Sources */ = {isa = PBXBuildFile; fileRef = 5774A4F61DC9C05800E5482B /* BaseViewController.m */; };
		5774A4FE1DC9C05800E5482B /* CustomNavView.m in Sources */ = {isa = PBXBuildFile; fileRef = 5774A4F81DC9C05800E5482B /* CustomNavView.m */; };
		5774A4FF1DC9C05800E5482B /* UIView+Distribution.m in Sources */ = {isa = PBXBuildFile; fileRef = 5774A4FB1DC9C05800E5482B /* UIView+Distribution.m */; };
/* End PBXBuildFile section */

/* Begin PBXContainerItemProxy section */
		5741CC471DC72C4700BD66D9 /* PBXContainerItemProxy */ = {
			isa = PBXContainerItemProxy;
			containerPortal = 5741CC251DC72C4700BD66D9 /* Project object */;
			proxyType = 1;
			remoteGlobalIDString = 5741CC2C1DC72C4700BD66D9;
			remoteInfo = PPX_Tabbar;
		};
		5741CC521DC72C4700BD66D9 /* PBXContainerItemProxy */ = {
			isa = PBXContainerItemProxy;
			containerPortal = 5741CC251DC72C4700BD66D9 /* Project object */;
			proxyType = 1;
			remoteGlobalIDString = 5741CC2C1DC72C4700BD66D9;
			remoteInfo = PPX_Tabbar;
		};
/* End PBXContainerItemProxy section */

/* Begin PBXFileReference section */
		5741CC2D1DC72C4700BD66D9 /* PPX_Tabbar.app */ = {isa = PBXFileReference; explicitFileType = wrapper.application; includeInIndex = 0; path = PPX_Tabbar.app; sourceTree = BUILT_PRODUCTS_DIR; };
		5741CC311DC72C4700BD66D9 /* main.m */ = {isa = PBXFileReference; lastKnownFileType = sourcecode.c.objc; path = main.m; sourceTree = "<group>"; };
		5741CC331DC72C4700BD66D9 /* AppDelegate.h */ = {isa = PBXFileReference; lastKnownFileType = sourcecode.c.h; path = AppDelegate.h; sourceTree = "<group>"; };
		5741CC341DC72C4700BD66D9 /* AppDelegate.m */ = {isa = PBXFileReference; lastKnownFileType = sourcecode.c.objc; path = AppDelegate.m; sourceTree = "<group>"; };
		5741CC361DC72C4700BD66D9 /* ViewController.h */ = {isa = PBXFileReference; lastKnownFileType = sourcecode.c.h; path = ViewController.h; sourceTree = "<group>"; };
		5741CC371DC72C4700BD66D9 /* ViewController.m */ = {isa = PBXFileReference; lastKnownFileType = sourcecode.c.objc; path = ViewController.m; sourceTree = "<group>"; };
		5741CC3A1DC72C4700BD66D9 /* Base */ = {isa = PBXFileReference; lastKnownFileType = file.storyboard; name = Base; path = Base.lproj/Main.storyboard; sourceTree = "<group>"; };
		5741CC3C1DC72C4700BD66D9 /* Assets.xcassets */ = {isa = PBXFileReference; lastKnownFileType = folder.assetcatalog; path = Assets.xcassets; sourceTree = "<group>"; };
		5741CC3F1DC72C4700BD66D9 /* Base */ = {isa = PBXFileReference; lastKnownFileType = file.storyboard; name = Base; path = Base.lproj/LaunchScreen.storyboard; sourceTree = "<group>"; };
		5741CC411DC72C4700BD66D9 /* Info.plist */ = {isa = PBXFileReference; lastKnownFileType = text.plist.xml; path = Info.plist; sourceTree = "<group>"; };
		5741CC461DC72C4700BD66D9 /* PPX_TabbarTests.xctest */ = {isa = PBXFileReference; explicitFileType = wrapper.cfbundle; includeInIndex = 0; path = PPX_TabbarTests.xctest; sourceTree = BUILT_PRODUCTS_DIR; };
		5741CC4A1DC72C4700BD66D9 /* PPX_TabbarTests.m */ = {isa = PBXFileReference; lastKnownFileType = sourcecode.c.objc; path = PPX_TabbarTests.m; sourceTree = "<group>"; };
		5741CC4C1DC72C4700BD66D9 /* Info.plist */ = {isa = PBXFileReference; lastKnownFileType = text.plist.xml; path = Info.plist; sourceTree = "<group>"; };
		5741CC511DC72C4700BD66D9 /* PPX_TabbarUITests.xctest */ = {isa = PBXFileReference; explicitFileType = wrapper.cfbundle; includeInIndex = 0; path = PPX_TabbarUITests.xctest; sourceTree = BUILT_PRODUCTS_DIR; };
		5741CC551DC72C4700BD66D9 /* PPX_TabbarUITests.m */ = {isa = PBXFileReference; lastKnownFileType = sourcecode.c.objc; path = PPX_TabbarUITests.m; sourceTree = "<group>"; };
		5741CC571DC72C4700BD66D9 /* Info.plist */ = {isa = PBXFileReference; lastKnownFileType = text.plist.xml; path = Info.plist; sourceTree = "<group>"; };
		5741CC971DC7311300BD66D9 /* Tabbar_icon_fabu@2x.png */ = {isa = PBXFileReference; lastKnownFileType = image.png; path = "Tabbar_icon_fabu@2x.png"; sourceTree = "<group>"; };
		5741CC981DC7311300BD66D9 /* Tabbar_icon_fabu@3x.png */ = {isa = PBXFileReference; lastKnownFileType = image.png; path = "Tabbar_icon_fabu@3x.png"; sourceTree = "<group>"; };
		5741CC991DC7311300BD66D9 /* Tabbar_icon_find_N@2x.png */ = {isa = PBXFileReference; lastKnownFileType = image.png; path = "Tabbar_icon_find_N@2x.png"; sourceTree = "<group>"; };
		5741CC9A1DC7311300BD66D9 /* Tabbar_icon_find_N@3x.png */ = {isa = PBXFileReference; lastKnownFileType = image.png; path = "Tabbar_icon_find_N@3x.png"; sourceTree = "<group>"; };
		5741CC9B1DC7311300BD66D9 /* Tabbar_icon_find_S@2x.png */ = {isa = PBXFileReference; lastKnownFileType = image.png; path = "Tabbar_icon_find_S@2x.png"; sourceTree = "<group>"; };
		5741CC9C1DC7311300BD66D9 /* Tabbar_icon_find_S@3x.png */ = {isa = PBXFileReference; lastKnownFileType = image.png; path = "Tabbar_icon_find_S@3x.png"; sourceTree = "<group>"; };
		5741CC9D1DC7311300BD66D9 /* Tabbar_icon_me_N@2x.png */ = {isa = PBXFileReference; lastKnownFileType = image.png; path = "Tabbar_icon_me_N@2x.png"; sourceTree = "<group>"; };
		5741CC9E1DC7311300BD66D9 /* Tabbar_icon_me_N@3x.png */ = {isa = PBXFileReference; lastKnownFileType = image.png; path = "Tabbar_icon_me_N@3x.png"; sourceTree = "<group>"; };
		5741CC9F1DC7311300BD66D9 /* Tabbar_icon_me_S@2x.png */ = {isa = PBXFileReference; lastKnownFileType = image.png; path = "Tabbar_icon_me_S@2x.png"; sourceTree = "<group>"; };
		5741CCA01DC7311300BD66D9 /* Tabbar_icon_me_S@3x.png */ = {isa = PBXFileReference; lastKnownFileType = image.png; path = "Tabbar_icon_me_S@3x.png"; sourceTree = "<group>"; };
		5741CCA11DC7311300BD66D9 /* Tabbar_icon_Recommend_N@2x.png */ = {isa = PBXFileReference; lastKnownFileType = image.png; path = "Tabbar_icon_Recommend_N@2x.png"; sourceTree = "<group>"; };
		5741CCA21DC7311300BD66D9 /* Tabbar_icon_Recommend_N@3x.png */ = {isa = PBXFileReference; lastKnownFileType = image.png; path = "Tabbar_icon_Recommend_N@3x.png"; sourceTree = "<group>"; };
		5741CCA31DC7311300BD66D9 /* Tabbar_icon_Recommend_S@2x.png */ = {isa = PBXFileReference; lastKnownFileType = image.png; path = "Tabbar_icon_Recommend_S@2x.png"; sourceTree = "<group>"; };
		5741CCA41DC7311300BD66D9 /* Tabbar_icon_Recommend_S@3x.png */ = {isa = PBXFileReference; lastKnownFileType = image.png; path = "Tabbar_icon_Recommend_S@3x.png"; sourceTree = "<group>"; };
		5741CCA51DC7311300BD66D9 /* Tabbar_message_find_N@2x.png */ = {isa = PBXFileReference; lastKnownFileType = image.png; path = "Tabbar_message_find_N@2x.png"; sourceTree = "<group>"; };
		5741CCA61DC7311300BD66D9 /* Tabbar_message_find_N@3x.png */ = {isa = PBXFileReference; lastKnownFileType = image.png; path = "Tabbar_message_find_N@3x.png"; sourceTree = "<group>"; };
		5741CCA71DC7311300BD66D9 /* Tabbar_message_find_S@2x.png */ = {isa = PBXFileReference; lastKnownFileType = image.png; path = "Tabbar_message_find_S@2x.png"; sourceTree = "<group>"; };
		5741CCA81DC7311300BD66D9 /* Tabbar_message_find_S@3x.png */ = {isa = PBXFileReference; lastKnownFileType = image.png; path = "Tabbar_message_find_S@3x.png"; sourceTree = "<group>"; };
		5774A4831DC9813D00E5482B /* icon_back@2x.png */ = {isa = PBXFileReference; lastKnownFileType = image.png; path = "icon_back@2x.png"; sourceTree = "<group>"; };
		5774A4841DC9813D00E5482B /* icon_back@3x.png */ = {isa = PBXFileReference; lastKnownFileType = image.png; path = "icon_back@3x.png"; sourceTree = "<group>"; };
		5774A4851DC9813D00E5482B /* icon_dismiss@2x.png */ = {isa = PBXFileReference; lastKnownFileType = image.png; path = "icon_dismiss@2x.png"; sourceTree = "<group>"; };
		5774A4861DC9813D00E5482B /* icon_dismiss@3x.png */ = {isa = PBXFileReference; lastKnownFileType = image.png; path = "icon_dismiss@3x.png"; sourceTree = "<group>"; };
		5774A4871DC9813D00E5482B /* icon_w_back@2x.png */ = {isa = PBXFileReference; lastKnownFileType = image.png; path = "icon_w_back@2x.png"; sourceTree = "<group>"; };
		5774A4881DC9813D00E5482B /* icon_w_back@3x.png */ = {isa = PBXFileReference; lastKnownFileType = image.png; path = "icon_w_back@3x.png"; sourceTree = "<group>"; };
		5774A4A01DC993EA00E5482B /* LoginServiceTool.h */ = {isa = PBXFileReference; fileEncoding = 4; lastKnownFileType = sourcecode.c.h; path = LoginServiceTool.h; sourceTree = "<group>"; };
		5774A4A11DC993EA00E5482B /* LoginServiceTool.m */ = {isa = PBXFileReference; fileEncoding = 4; lastKnownFileType = sourcecode.c.objc; path = LoginServiceTool.m; sourceTree = "<group>"; };
		5774A4AA1DC9BF9E00E5482B /* DetailsViewController.h */ = {isa = PBXFileReference; fileEncoding = 4; lastKnownFileType = sourcecode.c.h; path = DetailsViewController.h; sourceTree = "<group>"; };
		5774A4AB1DC9BF9E00E5482B /* DetailsViewController.m */ = {isa = PBXFileReference; fileEncoding = 4; lastKnownFileType = sourcecode.c.objc; path = DetailsViewController.m; sourceTree = "<group>"; };
		5774A4B01DC9BF9E00E5482B /* HomeViewController.h */ = {isa = PBXFileReference; fileEncoding = 4; lastKnownFileType = sourcecode.c.h; path = HomeViewController.h; sourceTree = "<group>"; };
		5774A4B11DC9BF9E00E5482B /* HomeViewController.m */ = {isa = PBXFileReference; fileEncoding = 4; lastKnownFileType = sourcecode.c.objc; path = HomeViewController.m; sourceTree = "<group>"; };
		5774A4B61DC9BF9E00E5482B /* LoginViewController.h */ = {isa = PBXFileReference; fileEncoding = 4; lastKnownFileType = sourcecode.c.h; path = LoginViewController.h; sourceTree = "<group>"; };
		5774A4B71DC9BF9E00E5482B /* LoginViewController.m */ = {isa = PBXFileReference; fileEncoding = 4; lastKnownFileType = sourcecode.c.objc; path = LoginViewController.m; sourceTree = "<group>"; };
		5774A4BC1DC9BF9E00E5482B /* MessageViewController.h */ = {isa = PBXFileReference; fileEncoding = 4; lastKnownFileType = sourcecode.c.h; path = MessageViewController.h; sourceTree = "<group>"; };
		5774A4BD1DC9BF9E00E5482B /* MessageViewController.m */ = {isa = PBXFileReference; fileEncoding = 4; lastKnownFileType = sourcecode.c.objc; path = MessageViewController.m; sourceTree = "<group>"; };
		5774A4C21DC9BF9E00E5482B /* MyInfoViewController.h */ = {isa = PBXFileReference; fileEncoding = 4; lastKnownFileType = sourcecode.c.h; path = MyInfoViewController.h; sourceTree = "<group>"; };
		5774A4C31DC9BF9E00E5482B /* MyInfoViewController.m */ = {isa = PBXFileReference; fileEncoding = 4; lastKnownFileType = sourcecode.c.objc; path = MyInfoViewController.m; sourceTree = "<group>"; };
		5774A4C81DC9BF9E00E5482B /* SportTimeViewController.h */ = {isa = PBXFileReference; fileEncoding = 4; lastKnownFileType = sourcecode.c.h; path = SportTimeViewController.h; sourceTree = "<group>"; };
		5774A4C91DC9BF9E00E5482B /* SportTimeViewController.m */ = {isa = PBXFileReference; fileEncoding = 4; lastKnownFileType = sourcecode.c.objc; path = SportTimeViewController.m; sourceTree = "<group>"; };
		5774A4D81DC9BFD900E5482B /* MainTabbarController.h */ = {isa = PBXFileReference; fileEncoding = 4; lastKnownFileType = sourcecode.c.h; path = MainTabbarController.h; sourceTree = "<group>"; };
		5774A4D91DC9BFD900E5482B /* MainTabbarController.m */ = {isa = PBXFileReference; fileEncoding = 4; lastKnownFileType = sourcecode.c.objc; path = MainTabbarController.m; sourceTree = "<group>"; };
		5774A4DB1DC9BFD900E5482B /* PPXTabBar.h */ = {isa = PBXFileReference; fileEncoding = 4; lastKnownFileType = sourcecode.c.h; path = PPXTabBar.h; sourceTree = "<group>"; };
		5774A4DC1DC9BFD900E5482B /* PPXTabBar.m */ = {isa = PBXFileReference; fileEncoding = 4; lastKnownFileType = sourcecode.c.objc; path = PPXTabBar.m; sourceTree = "<group>"; };
		5774A4EA1DC9C05800E5482B /* ApiMacro.h */ = {isa = PBXFileReference; fileEncoding = 4; lastKnownFileType = sourcecode.c.h; path = ApiMacro.h; sourceTree = "<group>"; };
		5774A4EB1DC9C05800E5482B /* BaseMacro.h */ = {isa = PBXFileReference; fileEncoding = 4; lastKnownFileType = sourcecode.c.h; path = BaseMacro.h; sourceTree = "<group>"; };
		5774A4ED1DC9C05800E5482B /* BaseColorMacro.h */ = {isa = PBXFileReference; fileEncoding = 4; lastKnownFileType = sourcecode.c.h; path = BaseColorMacro.h; sourceTree = "<group>"; };
		5774A4EF1DC9C05800E5482B /* BaseFontMacro.h */ = {isa = PBXFileReference; fileEncoding = 4; lastKnownFileType = sourcecode.c.h; path = BaseFontMacro.h; sourceTree = "<group>"; };
		5774A4F11DC9C05800E5482B /* BaseSizeMacro.h */ = {isa = PBXFileReference; fileEncoding = 4; lastKnownFileType = sourcecode.c.h; path = BaseSizeMacro.h; sourceTree = "<group>"; };
		5774A4F31DC9C05800E5482B /* BaseNav.h */ = {isa = PBXFileReference; fileEncoding = 4; lastKnownFileType = sourcecode.c.h; path = BaseNav.h; sourceTree = "<group>"; };
		5774A4F41DC9C05800E5482B /* BaseNav.m */ = {isa = PBXFileReference; fileEncoding = 4; lastKnownFileType = sourcecode.c.objc; path = BaseNav.m; sourceTree = "<group>"; };
		5774A4F51DC9C05800E5482B /* BaseViewController.h */ = {isa = PBXFileReference; fileEncoding = 4; lastKnownFileType = sourcecode.c.h; path = BaseViewController.h; sourceTree = "<group>"; };
		5774A4F61DC9C05800E5482B /* BaseViewController.m */ = {isa = PBXFileReference; fileEncoding = 4; lastKnownFileType = sourcecode.c.objc; path = BaseViewController.m; sourceTree = "<group>"; };
		5774A4F71DC9C05800E5482B /* CustomNavView.h */ = {isa = PBXFileReference; fileEncoding = 4; lastKnownFileType = sourcecode.c.h; path = CustomNavView.h; sourceTree = "<group>"; };
		5774A4F81DC9C05800E5482B /* CustomNavView.m */ = {isa = PBXFileReference; fileEncoding = 4; lastKnownFileType = sourcecode.c.objc; path = CustomNavView.m; sourceTree = "<group>"; };
		5774A4FA1DC9C05800E5482B /* UIView+Distribution.h */ = {isa = PBXFileReference; fileEncoding = 4; lastKnownFileType = sourcecode.c.h; path = "UIView+Distribution.h"; sourceTree = "<group>"; };
		5774A4FB1DC9C05800E5482B /* UIView+Distribution.m */ = {isa = PBXFileReference; fileEncoding = 4; lastKnownFileType = sourcecode.c.objc; path = "UIView+Distribution.m"; sourceTree = "<group>"; };
		5774A5011DC9C07D00E5482B /* NotificationMacro.h */ = {isa = PBXFileReference; fileEncoding = 4; lastKnownFileType = sourcecode.c.h; path = NotificationMacro.h; sourceTree = "<group>"; };
/* End PBXFileReference section */

/* Begin PBXFrameworksBuildPhase section */
		5741CC2A1DC72C4700BD66D9 /* Frameworks */ = {
			isa = PBXFrameworksBuildPhase;
			buildActionMask = 2147483647;
			files = (
			);
			runOnlyForDeploymentPostprocessing = 0;
		};
		5741CC431DC72C4700BD66D9 /* Frameworks */ = {
			isa = PBXFrameworksBuildPhase;
			buildActionMask = 2147483647;
			files = (
			);
			runOnlyForDeploymentPostprocessing = 0;
		};
		5741CC4E1DC72C4700BD66D9 /* Frameworks */ = {
			isa = PBXFrameworksBuildPhase;
			buildActionMask = 2147483647;
			files = (
			);
			runOnlyForDeploymentPostprocessing = 0;
		};
/* End PBXFrameworksBuildPhase section */

/* Begin PBXGroup section */
		5741CC241DC72C4700BD66D9 = {
			isa = PBXGroup;
			children = (
				5741CC2F1DC72C4700BD66D9 /* PPX_Tabbar */,
				5741CC491DC72C4700BD66D9 /* PPX_TabbarTests */,
				5741CC541DC72C4700BD66D9 /* PPX_TabbarUITests */,
				5741CC2E1DC72C4700BD66D9 /* Products */,
			);
			sourceTree = "<group>";
		};
		5741CC2E1DC72C4700BD66D9 /* Products */ = {
			isa = PBXGroup;
			children = (
				5741CC2D1DC72C4700BD66D9 /* PPX_Tabbar.app */,
				5741CC461DC72C4700BD66D9 /* PPX_TabbarTests.xctest */,
				5741CC511DC72C4700BD66D9 /* PPX_TabbarUITests.xctest */,
			);
			name = Products;
			sourceTree = "<group>";
		};
		5741CC2F1DC72C4700BD66D9 /* PPX_Tabbar */ = {
			isa = PBXGroup;
			children = (
				5774A4A71DC9BF9E00E5482B /* MainProject */,
				5774A5001DC9C07D00E5482B /* ProjectConfig */,
				5774A4E71DC9C05800E5482B /* BaseClass */,
				5774A49E1DC993EA00E5482B /* Service */,
				5741CC961DC7311300BD66D9 /* Image */,
				5741CC331DC72C4700BD66D9 /* AppDelegate.h */,
				5741CC341DC72C4700BD66D9 /* AppDelegate.m */,
				5741CC361DC72C4700BD66D9 /* ViewController.h */,
				5741CC371DC72C4700BD66D9 /* ViewController.m */,
				5741CC391DC72C4700BD66D9 /* Main.storyboard */,
				5741CC3C1DC72C4700BD66D9 /* Assets.xcassets */,
				5741CC3E1DC72C4700BD66D9 /* LaunchScreen.storyboard */,
				5741CC411DC72C4700BD66D9 /* Info.plist */,
				5741CC301DC72C4700BD66D9 /* Supporting Files */,
			);
			path = PPX_Tabbar;
			sourceTree = "<group>";
		};
		5741CC301DC72C4700BD66D9 /* Supporting Files */ = {
			isa = PBXGroup;
			children = (
				5741CC311DC72C4700BD66D9 /* main.m */,
			);
			name = "Supporting Files";
			sourceTree = "<group>";
		};
		5741CC491DC72C4700BD66D9 /* PPX_TabbarTests */ = {
			isa = PBXGroup;
			children = (
				5741CC4A1DC72C4700BD66D9 /* PPX_TabbarTests.m */,
				5741CC4C1DC72C4700BD66D9 /* Info.plist */,
			);
			path = PPX_TabbarTests;
			sourceTree = "<group>";
		};
		5741CC541DC72C4700BD66D9 /* PPX_TabbarUITests */ = {
			isa = PBXGroup;
			children = (
				5741CC551DC72C4700BD66D9 /* PPX_TabbarUITests.m */,
				5741CC571DC72C4700BD66D9 /* Info.plist */,
			);
			path = PPX_TabbarUITests;
			sourceTree = "<group>";
		};
		5741CC961DC7311300BD66D9 /* Image */ = {
			isa = PBXGroup;
			children = (
				5774A4831DC9813D00E5482B /* icon_back@2x.png */,
				5774A4841DC9813D00E5482B /* icon_back@3x.png */,
				5774A4851DC9813D00E5482B /* icon_dismiss@2x.png */,
				5774A4861DC9813D00E5482B /* icon_dismiss@3x.png */,
				5774A4871DC9813D00E5482B /* icon_w_back@2x.png */,
				5774A4881DC9813D00E5482B /* icon_w_back@3x.png */,
				5741CC971DC7311300BD66D9 /* Tabbar_icon_fabu@2x.png */,
				5741CC981DC7311300BD66D9 /* Tabbar_icon_fabu@3x.png */,
				5741CC991DC7311300BD66D9 /* Tabbar_icon_find_N@2x.png */,
				5741CC9A1DC7311300BD66D9 /* Tabbar_icon_find_N@3x.png */,
				5741CC9B1DC7311300BD66D9 /* Tabbar_icon_find_S@2x.png */,
				5741CC9C1DC7311300BD66D9 /* Tabbar_icon_find_S@3x.png */,
				5741CC9D1DC7311300BD66D9 /* Tabbar_icon_me_N@2x.png */,
				5741CC9E1DC7311300BD66D9 /* Tabbar_icon_me_N@3x.png */,
				5741CC9F1DC7311300BD66D9 /* Tabbar_icon_me_S@2x.png */,
				5741CCA01DC7311300BD66D9 /* Tabbar_icon_me_S@3x.png */,
				5741CCA11DC7311300BD66D9 /* Tabbar_icon_Recommend_N@2x.png */,
				5741CCA21DC7311300BD66D9 /* Tabbar_icon_Recommend_N@3x.png */,
				5741CCA31DC7311300BD66D9 /* Tabbar_icon_Recommend_S@2x.png */,
				5741CCA41DC7311300BD66D9 /* Tabbar_icon_Recommend_S@3x.png */,
				5741CCA51DC7311300BD66D9 /* Tabbar_message_find_N@2x.png */,
				5741CCA61DC7311300BD66D9 /* Tabbar_message_find_N@3x.png */,
				5741CCA71DC7311300BD66D9 /* Tabbar_message_find_S@2x.png */,
				5741CCA81DC7311300BD66D9 /* Tabbar_message_find_S@3x.png */,
			);
			path = Image;
			sourceTree = "<group>";
		};
		5774A49E1DC993EA00E5482B /* Service */ = {
			isa = PBXGroup;
			children = (
				5774A49F1DC993EA00E5482B /* LoginServiceTool */,
			);
			path = Service;
			sourceTree = "<group>";
		};
		5774A49F1DC993EA00E5482B /* LoginServiceTool */ = {
			isa = PBXGroup;
			children = (
				5774A4A01DC993EA00E5482B /* LoginServiceTool.h */,
				5774A4A11DC993EA00E5482B /* LoginServiceTool.m */,
			);
			path = LoginServiceTool;
			sourceTree = "<group>";
		};
		5774A4A71DC9BF9E00E5482B /* MainProject */ = {
			isa = PBXGroup;
			children = (
				5774A4D21DC9BFD800E5482B /* TabbarController */,
				5774A4A81DC9BF9E00E5482B /* Details-详情 */,
				5774A4AE1DC9BF9E00E5482B /* Home-首页 */,
				5774A4B41DC9BF9E00E5482B /* Login-登录 */,
				5774A4BA1DC9BF9E00E5482B /* Message-消息 */,
				5774A4C01DC9BF9E00E5482B /* MyInfo-我的 */,
				5774A4C61DC9BF9E00E5482B /* SportTime-时刻 */,
			);
			path = MainProject;
			sourceTree = "<group>";
		};
		5774A4A81DC9BF9E00E5482B /* Details-详情 */ = {
			isa = PBXGroup;
			children = (
				5774A4A91DC9BF9E00E5482B /* Controller */,
				5774A4AC1DC9BF9E00E5482B /* Model */,
				5774A4AD1DC9BF9E00E5482B /* View */,
			);
			path = "Details-详情";
			sourceTree = "<group>";
		};
		5774A4A91DC9BF9E00E5482B /* Controller */ = {
			isa = PBXGroup;
			children = (
				5774A4AA1DC9BF9E00E5482B /* DetailsViewController.h */,
				5774A4AB1DC9BF9E00E5482B /* DetailsViewController.m */,
			);
			path = Controller;
			sourceTree = "<group>";
		};
		5774A4AC1DC9BF9E00E5482B /* Model */ = {
			isa = PBXGroup;
			children = (
			);
			path = Model;
			sourceTree = "<group>";
		};
		5774A4AD1DC9BF9E00E5482B /* View */ = {
			isa = PBXGroup;
			children = (
			);
			path = View;
			sourceTree = "<group>";
		};
		5774A4AE1DC9BF9E00E5482B /* Home-首页 */ = {
			isa = PBXGroup;
			children = (
				5774A4AF1DC9BF9E00E5482B /* Controller */,
				5774A4B21DC9BF9E00E5482B /* Model */,
				5774A4B31DC9BF9E00E5482B /* View */,
			);
			path = "Home-首页";
			sourceTree = "<group>";
		};
		5774A4AF1DC9BF9E00E5482B /* Controller */ = {
			isa = PBXGroup;
			children = (
				5774A4B01DC9BF9E00E5482B /* HomeViewController.h */,
				5774A4B11DC9BF9E00E5482B /* HomeViewController.m */,
			);
			path = Controller;
			sourceTree = "<group>";
		};
		5774A4B21DC9BF9E00E5482B /* Model */ = {
			isa = PBXGroup;
			children = (
			);
			path = Model;
			sourceTree = "<group>";
		};
		5774A4B31DC9BF9E00E5482B /* View */ = {
			isa = PBXGroup;
			children = (
			);
			path = View;
			sourceTree = "<group>";
		};
		5774A4B41DC9BF9E00E5482B /* Login-登录 */ = {
			isa = PBXGroup;
			children = (
				5774A4B51DC9BF9E00E5482B /* Controller */,
				5774A4B81DC9BF9E00E5482B /* Model */,
				5774A4B91DC9BF9E00E5482B /* View */,
			);
			path = "Login-登录";
			sourceTree = "<group>";
		};
		5774A4B51DC9BF9E00E5482B /* Controller */ = {
			isa = PBXGroup;
			children = (
				5774A4B61DC9BF9E00E5482B /* LoginViewController.h */,
				5774A4B71DC9BF9E00E5482B /* LoginViewController.m */,
			);
			path = Controller;
			sourceTree = "<group>";
		};
		5774A4B81DC9BF9E00E5482B /* Model */ = {
			isa = PBXGroup;
			children = (
			);
			path = Model;
			sourceTree = "<group>";
		};
		5774A4B91DC9BF9E00E5482B /* View */ = {
			isa = PBXGroup;
			children = (
			);
			path = View;
			sourceTree = "<group>";
		};
		5774A4BA1DC9BF9E00E5482B /* Message-消息 */ = {
			isa = PBXGroup;
			children = (
				5774A4BB1DC9BF9E00E5482B /* Controller */,
				5774A4BE1DC9BF9E00E5482B /* Model */,
				5774A4BF1DC9BF9E00E5482B /* View */,
			);
			path = "Message-消息";
			sourceTree = "<group>";
		};
		5774A4BB1DC9BF9E00E5482B /* Controller */ = {
			isa = PBXGroup;
			children = (
				5774A4BC1DC9BF9E00E5482B /* MessageViewController.h */,
				5774A4BD1DC9BF9E00E5482B /* MessageViewController.m */,
			);
			path = Controller;
			sourceTree = "<group>";
		};
		5774A4BE1DC9BF9E00E5482B /* Model */ = {
			isa = PBXGroup;
			children = (
			);
			path = Model;
			sourceTree = "<group>";
		};
		5774A4BF1DC9BF9E00E5482B /* View */ = {
			isa = PBXGroup;
			children = (
			);
			path = View;
			sourceTree = "<group>";
		};
		5774A4C01DC9BF9E00E5482B /* MyInfo-我的 */ = {
			isa = PBXGroup;
			children = (
				5774A4C11DC9BF9E00E5482B /* Controller */,
				5774A4C41DC9BF9E00E5482B /* Model */,
				5774A4C51DC9BF9E00E5482B /* View */,
			);
			path = "MyInfo-我的";
			sourceTree = "<group>";
		};
		5774A4C11DC9BF9E00E5482B /* Controller */ = {
			isa = PBXGroup;
			children = (
				5774A4C21DC9BF9E00E5482B /* MyInfoViewController.h */,
				5774A4C31DC9BF9E00E5482B /* MyInfoViewController.m */,
			);
			path = Controller;
			sourceTree = "<group>";
		};
		5774A4C41DC9BF9E00E5482B /* Model */ = {
			isa = PBXGroup;
			children = (
			);
			path = Model;
			sourceTree = "<group>";
		};
		5774A4C51DC9BF9E00E5482B /* View */ = {
			isa = PBXGroup;
			children = (
			);
			path = View;
			sourceTree = "<group>";
		};
		5774A4C61DC9BF9E00E5482B /* SportTime-时刻 */ = {
			isa = PBXGroup;
			children = (
				5774A4C71DC9BF9E00E5482B /* Controller */,
				5774A4CA1DC9BF9E00E5482B /* Model */,
				5774A4CB1DC9BF9E00E5482B /* View */,
			);
			path = "SportTime-时刻";
			sourceTree = "<group>";
		};
		5774A4C71DC9BF9E00E5482B /* Controller */ = {
			isa = PBXGroup;
			children = (
				5774A4C81DC9BF9E00E5482B /* SportTimeViewController.h */,
				5774A4C91DC9BF9E00E5482B /* SportTimeViewController.m */,
			);
			path = Controller;
			sourceTree = "<group>";
		};
		5774A4CA1DC9BF9E00E5482B /* Model */ = {
			isa = PBXGroup;
			children = (
			);
			path = Model;
			sourceTree = "<group>";
		};
		5774A4CB1DC9BF9E00E5482B /* View */ = {
			isa = PBXGroup;
			children = (
			);
			path = View;
			sourceTree = "<group>";
		};
		5774A4D21DC9BFD800E5482B /* TabbarController */ = {
			isa = PBXGroup;
			children = (
				5774A4D31DC9BFD800E5482B /* Controller */,
				5774A4DA1DC9BFD900E5482B /* View */,
			);
			path = TabbarController;
			sourceTree = "<group>";
		};
		5774A4D31DC9BFD800E5482B /* Controller */ = {
			isa = PBXGroup;
			children = (
				5774A4D81DC9BFD900E5482B /* MainTabbarController.h */,
				5774A4D91DC9BFD900E5482B /* MainTabbarController.m */,
			);
			path = Controller;
			sourceTree = "<group>";
		};
		5774A4DA1DC9BFD900E5482B /* View */ = {
			isa = PBXGroup;
			children = (
				5774A4DB1DC9BFD900E5482B /* PPXTabBar.h */,
				5774A4DC1DC9BFD900E5482B /* PPXTabBar.m */,
			);
			path = View;
			sourceTree = "<group>";
		};
		5774A4E71DC9C05800E5482B /* BaseClass */ = {
			isa = PBXGroup;
			children = (
				5774A4E81DC9C05800E5482B /* BaseMacro */,
				5774A4F21DC9C05800E5482B /* BaseUI */,
				5774A4F91DC9C05800E5482B /* Category */,
			);
			path = BaseClass;
			sourceTree = "<group>";
		};
		5774A4E81DC9C05800E5482B /* BaseMacro */ = {
			isa = PBXGroup;
			children = (
				5774A4E91DC9C05800E5482B /* ApiMacro */,
				5774A4EB1DC9C05800E5482B /* BaseMacro.h */,
				5774A4EC1DC9C05800E5482B /* ColorMacro */,
				5774A4EE1DC9C05800E5482B /* FontMacro */,
				5774A4F01DC9C05800E5482B /* SizeMacro */,
			);
			path = BaseMacro;
			sourceTree = "<group>";
		};
		5774A4E91DC9C05800E5482B /* ApiMacro */ = {
			isa = PBXGroup;
			children = (
				5774A4EA1DC9C05800E5482B /* ApiMacro.h */,
			);
			path = ApiMacro;
			sourceTree = "<group>";
		};
		5774A4EC1DC9C05800E5482B /* ColorMacro */ = {
			isa = PBXGroup;
			children = (
				5774A4ED1DC9C05800E5482B /* BaseColorMacro.h */,
			);
			path = ColorMacro;
			sourceTree = "<group>";
		};
		5774A4EE1DC9C05800E5482B /* FontMacro */ = {
			isa = PBXGroup;
			children = (
				5774A4EF1DC9C05800E5482B /* BaseFontMacro.h */,
			);
			path = FontMacro;
			sourceTree = "<group>";
		};
		5774A4F01DC9C05800E5482B /* SizeMacro */ = {
			isa = PBXGroup;
			children = (
				5774A4F11DC9C05800E5482B /* BaseSizeMacro.h */,
			);
			path = SizeMacro;
			sourceTree = "<group>";
		};
		5774A4F21DC9C05800E5482B /* BaseUI */ = {
			isa = PBXGroup;
			children = (
				5774A4F31DC9C05800E5482B /* BaseNav.h */,
				5774A4F41DC9C05800E5482B /* BaseNav.m */,
				5774A4F51DC9C05800E5482B /* BaseViewController.h */,
				5774A4F61DC9C05800E5482B /* BaseViewController.m */,
				5774A4F71DC9C05800E5482B /* CustomNavView.h */,
				5774A4F81DC9C05800E5482B /* CustomNavView.m */,
			);
			path = BaseUI;
			sourceTree = "<group>";
		};
		5774A4F91DC9C05800E5482B /* Category */ = {
			isa = PBXGroup;
			children = (
				5774A4FA1DC9C05800E5482B /* UIView+Distribution.h */,
				5774A4FB1DC9C05800E5482B /* UIView+Distribution.m */,
			);
			path = Category;
			sourceTree = "<group>";
		};
		5774A5001DC9C07D00E5482B /* ProjectConfig */ = {
			isa = PBXGroup;
			children = (
				5774A5011DC9C07D00E5482B /* NotificationMacro.h */,
			);
			path = ProjectConfig;
			sourceTree = "<group>";
		};
/* End PBXGroup section */

/* Begin PBXNativeTarget section */
		5741CC2C1DC72C4700BD66D9 /* PPX_Tabbar */ = {
			isa = PBXNativeTarget;
			buildConfigurationList = 5741CC5A1DC72C4700BD66D9 /* Build configuration list for PBXNativeTarget "PPX_Tabbar" */;
			buildPhases = (
				5741CC291DC72C4700BD66D9 /* Sources */,
				5741CC2A1DC72C4700BD66D9 /* Frameworks */,
				5741CC2B1DC72C4700BD66D9 /* Resources */,
			);
			buildRules = (
			);
			dependencies = (
			);
			name = PPX_Tabbar;
			productName = PPX_Tabbar;
			productReference = 5741CC2D1DC72C4700BD66D9 /* PPX_Tabbar.app */;
			productType = "com.apple.product-type.application";
		};
		5741CC451DC72C4700BD66D9 /* PPX_TabbarTests */ = {
			isa = PBXNativeTarget;
			buildConfigurationList = 5741CC5D1DC72C4700BD66D9 /* Build configuration list for PBXNativeTarget "PPX_TabbarTests" */;
			buildPhases = (
				5741CC421DC72C4700BD66D9 /* Sources */,
				5741CC431DC72C4700BD66D9 /* Frameworks */,
				5741CC441DC72C4700BD66D9 /* Resources */,
			);
			buildRules = (
			);
			dependencies = (
				5741CC481DC72C4700BD66D9 /* PBXTargetDependency */,
			);
			name = PPX_TabbarTests;
			productName = PPX_TabbarTests;
			productReference = 5741CC461DC72C4700BD66D9 /* PPX_TabbarTests.xctest */;
			productType = "com.apple.product-type.bundle.unit-test";
		};
		5741CC501DC72C4700BD66D9 /* PPX_TabbarUITests */ = {
			isa = PBXNativeTarget;
			buildConfigurationList = 5741CC601DC72C4700BD66D9 /* Build configuration list for PBXNativeTarget "PPX_TabbarUITests" */;
			buildPhases = (
				5741CC4D1DC72C4700BD66D9 /* Sources */,
				5741CC4E1DC72C4700BD66D9 /* Frameworks */,
				5741CC4F1DC72C4700BD66D9 /* Resources */,
			);
			buildRules = (
			);
			dependencies = (
				5741CC531DC72C4700BD66D9 /* PBXTargetDependency */,
			);
			name = PPX_TabbarUITests;
			productName = PPX_TabbarUITests;
			productReference = 5741CC511DC72C4700BD66D9 /* PPX_TabbarUITests.xctest */;
			productType = "com.apple.product-type.bundle.ui-testing";
		};
/* End PBXNativeTarget section */

/* Begin PBXProject section */
		5741CC251DC72C4700BD66D9 /* Project object */ = {
			isa = PBXProject;
			attributes = {
				LastUpgradeCheck = 0810;
				ORGANIZATIONNAME = pipixia;
				TargetAttributes = {
					5741CC2C1DC72C4700BD66D9 = {
						CreatedOnToolsVersion = 8.1;
						ProvisioningStyle = Automatic;
					};
					5741CC451DC72C4700BD66D9 = {
						CreatedOnToolsVersion = 8.1;
						ProvisioningStyle = Automatic;
						TestTargetID = 5741CC2C1DC72C4700BD66D9;
					};
					5741CC501DC72C4700BD66D9 = {
						CreatedOnToolsVersion = 8.1;
						ProvisioningStyle = Automatic;
						TestTargetID = 5741CC2C1DC72C4700BD66D9;
					};
				};
			};
			buildConfigurationList = 5741CC281DC72C4700BD66D9 /* Build configuration list for PBXProject "PPX_Tabbar" */;
			compatibilityVersion = "Xcode 3.2";
			developmentRegion = English;
			hasScannedForEncodings = 0;
			knownRegions = (
				en,
				Base,
			);
			mainGroup = 5741CC241DC72C4700BD66D9;
			productRefGroup = 5741CC2E1DC72C4700BD66D9 /* Products */;
			projectDirPath = "";
			projectRoot = "";
			targets = (
				5741CC2C1DC72C4700BD66D9 /* PPX_Tabbar */,
				5741CC451DC72C4700BD66D9 /* PPX_TabbarTests */,
				5741CC501DC72C4700BD66D9 /* PPX_TabbarUITests */,
			);
		};
/* End PBXProject section */

/* Begin PBXResourcesBuildPhase section */
		5741CC2B1DC72C4700BD66D9 /* Resources */ = {
			isa = PBXResourcesBuildPhase;
			buildActionMask = 2147483647;
			files = (
				5741CC401DC72C4700BD66D9 /* LaunchScreen.storyboard in Resources */,
				5741CCAF1DC7311300BD66D9 /* Tabbar_icon_me_N@2x.png in Resources */,
				5741CCB21DC7311300BD66D9 /* Tabbar_icon_me_S@3x.png in Resources */,
				5741CCB51DC7311300BD66D9 /* Tabbar_icon_Recommend_S@2x.png in Resources */,
				5741CCBA1DC7311300BD66D9 /* Tabbar_message_find_S@3x.png in Resources */,
				5774A48E1DC9813D00E5482B /* icon_w_back@3x.png in Resources */,
				5741CCAD1DC7311300BD66D9 /* Tabbar_icon_find_S@2x.png in Resources */,
				5741CCB31DC7311300BD66D9 /* Tabbar_icon_Recommend_N@2x.png in Resources */,
				5741CC3D1DC72C4700BD66D9 /* Assets.xcassets in Resources */,
				5741CCA91DC7311300BD66D9 /* Tabbar_icon_fabu@2x.png in Resources */,
				5741CCAE1DC7311300BD66D9 /* Tabbar_icon_find_S@3x.png in Resources */,
				5741CCB81DC7311300BD66D9 /* Tabbar_message_find_N@3x.png in Resources */,
				5741CCB71DC7311300BD66D9 /* Tabbar_message_find_N@2x.png in Resources */,
				5741CCB11DC7311300BD66D9 /* Tabbar_icon_me_S@2x.png in Resources */,
				5741CCB91DC7311300BD66D9 /* Tabbar_message_find_S@2x.png in Resources */,
				5741CC3B1DC72C4700BD66D9 /* Main.storyboard in Resources */,
				5741CCAA1DC7311300BD66D9 /* Tabbar_icon_fabu@3x.png in Resources */,
				5774A48C1DC9813D00E5482B /* icon_dismiss@3x.png in Resources */,
				5741CCB01DC7311300BD66D9 /* Tabbar_icon_me_N@3x.png in Resources */,
				5774A48D1DC9813D00E5482B /* icon_w_back@2x.png in Resources */,
				5741CCAC1DC7311300BD66D9 /* Tabbar_icon_find_N@3x.png in Resources */,
				5741CCAB1DC7311300BD66D9 /* Tabbar_icon_find_N@2x.png in Resources */,
				5741CCB41DC7311300BD66D9 /* Tabbar_icon_Recommend_N@3x.png in Resources */,
				5774A48B1DC9813D00E5482B /* icon_dismiss@2x.png in Resources */,
				5774A4891DC9813D00E5482B /* icon_back@2x.png in Resources */,
				5774A48A1DC9813D00E5482B /* icon_back@3x.png in Resources */,
				5741CCB61DC7311300BD66D9 /* Tabbar_icon_Recommend_S@3x.png in Resources */,
			);
			runOnlyForDeploymentPostprocessing = 0;
		};
		5741CC441DC72C4700BD66D9 /* Resources */ = {
			isa = PBXResourcesBuildPhase;
			buildActionMask = 2147483647;
			files = (
			);
			runOnlyForDeploymentPostprocessing = 0;
		};
		5741CC4F1DC72C4700BD66D9 /* Resources */ = {
			isa = PBXResourcesBuildPhase;
			buildActionMask = 2147483647;
			files = (
			);
			runOnlyForDeploymentPostprocessing = 0;
		};
/* End PBXResourcesBuildPhase section */

/* Begin PBXSourcesBuildPhase section */
		5741CC291DC72C4700BD66D9 /* Sources */ = {
			isa = PBXSourcesBuildPhase;
			buildActionMask = 2147483647;
			files = (
				5774A4DF1DC9BFD900E5482B /* MainTabbarController.m in Sources */,
				5774A4CE1DC9BF9E00E5482B /* LoginViewController.m in Sources */,
				5774A4FE1DC9C05800E5482B /* CustomNavView.m in Sources */,
				5774A4CC1DC9BF9E00E5482B /* DetailsViewController.m in Sources */,
				5774A4FF1DC9C05800E5482B /* UIView+Distribution.m in Sources */,
				5774A4A21DC993EA00E5482B /* LoginServiceTool.m in Sources */,
				5774A4CF1DC9BF9E00E5482B /* MessageViewController.m in Sources */,
				5774A4FD1DC9C05800E5482B /* BaseViewController.m in Sources */,
				5774A4D01DC9BF9E00E5482B /* MyInfoViewController.m in Sources */,
				5741CC381DC72C4700BD66D9 /* ViewController.m in Sources */,
				5774A4D11DC9BF9E00E5482B /* SportTimeViewController.m in Sources */,
				5741CC351DC72C4700BD66D9 /* AppDelegate.m in Sources */,
				5774A4FC1DC9C05800E5482B /* BaseNav.m in Sources */,
				5741CC321DC72C4700BD66D9 /* main.m in Sources */,
				5774A4E01DC9BFD900E5482B /* PPXTabBar.m in Sources */,
				5774A4CD1DC9BF9E00E5482B /* HomeViewController.m in Sources */,
			);
			runOnlyForDeploymentPostprocessing = 0;
		};
		5741CC421DC72C4700BD66D9 /* Sources */ = {
			isa = PBXSourcesBuildPhase;
			buildActionMask = 2147483647;
			files = (
				5741CC4B1DC72C4700BD66D9 /* PPX_TabbarTests.m in Sources */,
			);
			runOnlyForDeploymentPostprocessing = 0;
		};
		5741CC4D1DC72C4700BD66D9 /* Sources */ = {
			isa = PBXSourcesBuildPhase;
			buildActionMask = 2147483647;
			files = (
				5741CC561DC72C4700BD66D9 /* PPX_TabbarUITests.m in Sources */,
			);
			runOnlyForDeploymentPostprocessing = 0;
		};
/* End PBXSourcesBuildPhase section */

/* Begin PBXTargetDependency section */
		5741CC481DC72C4700BD66D9 /* PBXTargetDependency */ = {
			isa = PBXTargetDependency;
			target = 5741CC2C1DC72C4700BD66D9 /* PPX_Tabbar */;
			targetProxy = 5741CC471DC72C4700BD66D9 /* PBXContainerItemProxy */;
		};
		5741CC531DC72C4700BD66D9 /* PBXTargetDependency */ = {
			isa = PBXTargetDependency;
			target = 5741CC2C1DC72C4700BD66D9 /* PPX_Tabbar */;
			targetProxy = 5741CC521DC72C4700BD66D9 /* PBXContainerItemProxy */;
		};
/* End PBXTargetDependency section */

/* Begin PBXVariantGroup section */
		5741CC391DC72C4700BD66D9 /* Main.storyboard */ = {
			isa = PBXVariantGroup;
			children = (
				5741CC3A1DC72C4700BD66D9 /* Base */,
			);
			name = Main.storyboard;
			sourceTree = "<group>";
		};
		5741CC3E1DC72C4700BD66D9 /* LaunchScreen.storyboard */ = {
			isa = PBXVariantGroup;
			children = (
				5741CC3F1DC72C4700BD66D9 /* Base */,
			);
			name = LaunchScreen.storyboard;
			sourceTree = "<group>";
		};
/* End PBXVariantGroup section */

/* Begin XCBuildConfiguration section */
		5741CC581DC72C4700BD66D9 /* Debug */ = {
			isa = XCBuildConfiguration;
			buildSettings = {
				ALWAYS_SEARCH_USER_PATHS = NO;
				CLANG_ANALYZER_NONNULL = YES;
				CLANG_CXX_LANGUAGE_STANDARD = "gnu++0x";
				CLANG_CXX_LIBRARY = "libc++";
				CLANG_ENABLE_MODULES = YES;
				CLANG_ENABLE_OBJC_ARC = YES;
				CLANG_WARN_BOOL_CONVERSION = YES;
				CLANG_WARN_CONSTANT_CONVERSION = YES;
				CLANG_WARN_DIRECT_OBJC_ISA_USAGE = YES_ERROR;
				CLANG_WARN_DOCUMENTATION_COMMENTS = YES;
				CLANG_WARN_EMPTY_BODY = YES;
				CLANG_WARN_ENUM_CONVERSION = YES;
				CLANG_WARN_INFINITE_RECURSION = YES;
				CLANG_WARN_INT_CONVERSION = YES;
				CLANG_WARN_OBJC_ROOT_CLASS = YES_ERROR;
				CLANG_WARN_SUSPICIOUS_MOVES = YES;
				CLANG_WARN_UNREACHABLE_CODE = YES;
				CLANG_WARN__DUPLICATE_METHOD_MATCH = YES;
				"CODE_SIGN_IDENTITY[sdk=iphoneos*]" = "iPhone Developer";
				COPY_PHASE_STRIP = NO;
				DEBUG_INFORMATION_FORMAT = dwarf;
				ENABLE_STRICT_OBJC_MSGSEND = YES;
				ENABLE_TESTABILITY = YES;
				GCC_C_LANGUAGE_STANDARD = gnu99;
				GCC_DYNAMIC_NO_PIC = NO;
				GCC_NO_COMMON_BLOCKS = YES;
				GCC_OPTIMIZATION_LEVEL = 0;
				GCC_PREPROCESSOR_DEFINITIONS = (
					"DEBUG=1",
					"$(inherited)",
				);
				GCC_WARN_64_TO_32_BIT_CONVERSION = YES;
				GCC_WARN_ABOUT_RETURN_TYPE = YES_ERROR;
				GCC_WARN_UNDECLARED_SELECTOR = YES;
				GCC_WARN_UNINITIALIZED_AUTOS = YES_AGGRESSIVE;
				GCC_WARN_UNUSED_FUNCTION = YES;
				GCC_WARN_UNUSED_VARIABLE = YES;
				IPHONEOS_DEPLOYMENT_TARGET = 10.1;
				MTL_ENABLE_DEBUG_INFO = YES;
				ONLY_ACTIVE_ARCH = YES;
				SDKROOT = iphoneos;
				TARGETED_DEVICE_FAMILY = "1,2";
			};
			name = Debug;
		};
		5741CC591DC72C4700BD66D9 /* Release */ = {
			isa = XCBuildConfiguration;
			buildSettings = {
				ALWAYS_SEARCH_USER_PATHS = NO;
				CLANG_ANALYZER_NONNULL = YES;
				CLANG_CXX_LANGUAGE_STANDARD = "gnu++0x";
				CLANG_CXX_LIBRARY = "libc++";
				CLANG_ENABLE_MODULES = YES;
				CLANG_ENABLE_OBJC_ARC = YES;
				CLANG_WARN_BOOL_CONVERSION = YES;
				CLANG_WARN_CONSTANT_CONVERSION = YES;
				CLANG_WARN_DIRECT_OBJC_ISA_USAGE = YES_ERROR;
				CLANG_WARN_DOCUMENTATION_COMMENTS = YES;
				CLANG_WARN_EMPTY_BODY = YES;
				CLANG_WARN_ENUM_CONVERSION = YES;
				CLANG_WARN_INFINITE_RECURSION = YES;
				CLANG_WARN_INT_CONVERSION = YES;
				CLANG_WARN_OBJC_ROOT_CLASS = YES_ERROR;
				CLANG_WARN_SUSPICIOUS_MOVES = YES;
				CLANG_WARN_UNREACHABLE_CODE = YES;
				CLANG_WARN__DUPLICATE_METHOD_MATCH = YES;
				"CODE_SIGN_IDENTITY[sdk=iphoneos*]" = "iPhone Developer";
				COPY_PHASE_STRIP = NO;
				DEBUG_INFORMATION_FORMAT = "dwarf-with-dsym";
				ENABLE_NS_ASSERTIONS = NO;
				ENABLE_STRICT_OBJC_MSGSEND = YES;
				GCC_C_LANGUAGE_STANDARD = gnu99;
				GCC_NO_COMMON_BLOCKS = YES;
				GCC_WARN_64_TO_32_BIT_CONVERSION = YES;
				GCC_WARN_ABOUT_RETURN_TYPE = YES_ERROR;
				GCC_WARN_UNDECLARED_SELECTOR = YES;
				GCC_WARN_UNINITIALIZED_AUTOS = YES_AGGRESSIVE;
				GCC_WARN_UNUSED_FUNCTION = YES;
				GCC_WARN_UNUSED_VARIABLE = YES;
				IPHONEOS_DEPLOYMENT_TARGET = 10.1;
				MTL_ENABLE_DEBUG_INFO = NO;
				SDKROOT = iphoneos;
				TARGETED_DEVICE_FAMILY = "1,2";
				VALIDATE_PRODUCT = YES;
			};
			name = Release;
		};
		5741CC5B1DC72C4700BD66D9 /* Debug */ = {
			isa = XCBuildConfiguration;
			buildSettings = {
				ASSETCATALOG_COMPILER_APPICON_NAME = AppIcon;
				INFOPLIST_FILE = PPX_Tabbar/Info.plist;
				LD_RUNPATH_SEARCH_PATHS = "$(inherited) @executable_path/Frameworks";
				PRODUCT_BUNDLE_IDENTIFIER = "pipixia.PPX-Tabbar";
				PRODUCT_NAME = "$(TARGET_NAME)";
			};
			name = Debug;
		};
		5741CC5C1DC72C4700BD66D9 /* Release */ = {
			isa = XCBuildConfiguration;
			buildSettings = {
				ASSETCATALOG_COMPILER_APPICON_NAME = AppIcon;
				INFOPLIST_FILE = PPX_Tabbar/Info.plist;
				LD_RUNPATH_SEARCH_PATHS = "$(inherited) @executable_path/Frameworks";
				PRODUCT_BUNDLE_IDENTIFIER = "pipixia.PPX-Tabbar";
				PRODUCT_NAME = "$(TARGET_NAME)";
			};
			name = Release;
		};
		5741CC5E1DC72C4700BD66D9 /* Debug */ = {
			isa = XCBuildConfiguration;
			buildSettings = {
				BUNDLE_LOADER = "$(TEST_HOST)";
				INFOPLIST_FILE = PPX_TabbarTests/Info.plist;
				LD_RUNPATH_SEARCH_PATHS = "$(inherited) @executable_path/Frameworks @loader_path/Frameworks";
				PRODUCT_BUNDLE_IDENTIFIER = "pipixia.PPX-TabbarTests";
				PRODUCT_NAME = "$(TARGET_NAME)";
				TEST_HOST = "$(BUILT_PRODUCTS_DIR)/PPX_Tabbar.app/PPX_Tabbar";
			};
			name = Debug;
		};
		5741CC5F1DC72C4700BD66D9 /* Release */ = {
			isa = XCBuildConfiguration;
			buildSettings = {
				BUNDLE_LOADER = "$(TEST_HOST)";
				INFOPLIST_FILE = PPX_TabbarTests/Info.plist;
				LD_RUNPATH_SEARCH_PATHS = "$(inherited) @executable_path/Frameworks @loader_path/Frameworks";
				PRODUCT_BUNDLE_IDENTIFIER = "pipixia.PPX-TabbarTests";
				PRODUCT_NAME = "$(TARGET_NAME)";
				TEST_HOST = "$(BUILT_PRODUCTS_DIR)/PPX_Tabbar.app/PPX_Tabbar";
			};
			name = Release;
		};
		5741CC611DC72C4700BD66D9 /* Debug */ = {
			isa = XCBuildConfiguration;
			buildSettings = {
				INFOPLIST_FILE = PPX_TabbarUITests/Info.plist;
				LD_RUNPATH_SEARCH_PATHS = "$(inherited) @executable_path/Frameworks @loader_path/Frameworks";
				PRODUCT_BUNDLE_IDENTIFIER = "pipixia.PPX-TabbarUITests";
				PRODUCT_NAME = "$(TARGET_NAME)";
				TEST_TARGET_NAME = PPX_Tabbar;
			};
			name = Debug;
		};
		5741CC621DC72C4700BD66D9 /* Release */ = {
			isa = XCBuildConfiguration;
			buildSettings = {
				INFOPLIST_FILE = PPX_TabbarUITests/Info.plist;
				LD_RUNPATH_SEARCH_PATHS = "$(inherited) @executable_path/Frameworks @loader_path/Frameworks";
				PRODUCT_BUNDLE_IDENTIFIER = "pipixia.PPX-TabbarUITests";
				PRODUCT_NAME = "$(TARGET_NAME)";
				TEST_TARGET_NAME = PPX_Tabbar;
			};
			name = Release;
		};
/* End XCBuildConfiguration section */

/* Begin XCConfigurationList section */
		5741CC281DC72C4700BD66D9 /* Build configuration list for PBXProject "PPX_Tabbar" */ = {
			isa = XCConfigurationList;
			buildConfigurations = (
				5741CC581DC72C4700BD66D9 /* Debug */,
				5741CC591DC72C4700BD66D9 /* Release */,
			);
			defaultConfigurationIsVisible = 0;
			defaultConfigurationName = Release;
		};
		5741CC5A1DC72C4700BD66D9 /* Build configuration list for PBXNativeTarget "PPX_Tabbar" */ = {
			isa = XCConfigurationList;
			buildConfigurations = (
				5741CC5B1DC72C4700BD66D9 /* Debug */,
				5741CC5C1DC72C4700BD66D9 /* Release */,
			);
			defaultConfigurationIsVisible = 0;
			defaultConfigurationName = Release;
		};
		5741CC5D1DC72C4700BD66D9 /* Build configuration list for PBXNativeTarget "PPX_TabbarTests" */ = {
			isa = XCConfigurationList;
			buildConfigurations = (
				5741CC5E1DC72C4700BD66D9 /* Debug */,
				5741CC5F1DC72C4700BD66D9 /* Release */,
			);
			defaultConfigurationIsVisible = 0;
			defaultConfigurationName = Release;
		};
		5741CC601DC72C4700BD66D9 /* Build configuration list for PBXNativeTarget "PPX_TabbarUITests" */ = {
			isa = XCConfigurationList;
			buildConfigurations = (
				5741CC611DC72C4700BD66D9 /* Debug */,
				5741CC621DC72C4700BD66D9 /* Release */,
			);
			defaultConfigurationIsVisible = 0;
			defaultConfigurationName = Release;
		};
/* End XCConfigurationList section */
	};
	rootObject = 5741CC251DC72C4700BD66D9 /* Project object */;
}
